// !$*UTF8*$!
{
	archiveVersion = 1;
	classes = {
	};
	objectVersion = 56;
	objects = {

/* Begin PBXBuildFile section */
		876C5B972937DEDE006AE6F6 /* process_management.c in Sources */ = {isa = PBXBuildFile; fileRef = 876C5B962937DEDE006AE6F6 /* process_management.c */; };
		87BC4116293232D30068CC3E /* directory_utils.c in Sources */ = {isa = PBXBuildFile; fileRef = 87BC4115293232D30068CC3E /* directory_utils.c */; };
		87BC4119293232F20068CC3E /* main.c in Sources */ = {isa = PBXBuildFile; fileRef = 87BC4118293232F20068CC3E /* main.c */; };
		87BC411F29323D9F0068CC3E /* c_files_utils.c in Sources */ = {isa = PBXBuildFile; fileRef = 87BC411E29323D9F0068CC3E /* c_files_utils.c */; };
		87BC4123293240430068CC3E /* general_utils.c in Sources */ = {isa = PBXBuildFile; fileRef = 87BC4122293240430068CC3E /* general_utils.c */; };
/* End PBXBuildFile section */

/* Begin PBXCopyFilesBuildPhase section */
		87261BD9292F711200F5B37E /* CopyFiles */ = {
			isa = PBXCopyFilesBuildPhase;
			buildActionMask = 2147483647;
			dstPath = /usr/share/man/man1/;
			dstSubfolderSpec = 0;
			files = (
			);
			runOnlyForDeploymentPostprocessing = 1;
		};
/* End PBXCopyFilesBuildPhase section */

/* Begin PBXFileReference section */
		87261BDB292F711200F5B37E /* SO_Project_Tasks */ = {isa = PBXFileReference; explicitFileType = "compiled.mach-o.executable"; includeInIndex = 0; path = SO_Project_Tasks; sourceTree = BUILT_PRODUCTS_DIR; };
		876C5B952937DEDE006AE6F6 /* process_management.h */ = {isa = PBXFileReference; lastKnownFileType = sourcecode.c.h; path = process_management.h; sourceTree = "<group>"; };
		876C5B962937DEDE006AE6F6 /* process_management.c */ = {isa = PBXFileReference; lastKnownFileType = sourcecode.c.c; path = process_management.c; sourceTree = "<group>"; };
		87BC4115293232D30068CC3E /* directory_utils.c */ = {isa = PBXFileReference; fileEncoding = 4; lastKnownFileType = sourcecode.c.c; path = directory_utils.c; sourceTree = "<group>"; };
		87BC4117293232DC0068CC3E /* directory_utils.h */ = {isa = PBXFileReference; fileEncoding = 4; lastKnownFileType = sourcecode.c.h; path = directory_utils.h; sourceTree = "<group>"; };
		87BC4118293232F20068CC3E /* main.c */ = {isa = PBXFileReference; fileEncoding = 4; lastKnownFileType = sourcecode.c.c; path = main.c; sourceTree = "<group>"; };
		87BC411D29323D9F0068CC3E /* c_files_utils.h */ = {isa = PBXFileReference; lastKnownFileType = sourcecode.c.h; path = c_files_utils.h; sourceTree = "<group>"; };
		87BC411E29323D9F0068CC3E /* c_files_utils.c */ = {isa = PBXFileReference; lastKnownFileType = sourcecode.c.c; path = c_files_utils.c; sourceTree = "<group>"; };
		87BC4121293240430068CC3E /* general_utils.h */ = {isa = PBXFileReference; lastKnownFileType = sourcecode.c.h; path = general_utils.h; sourceTree = "<group>"; };
		87BC4122293240430068CC3E /* general_utils.c */ = {isa = PBXFileReference; lastKnownFileType = sourcecode.c.c; path = general_utils.c; sourceTree = "<group>"; };
/* End PBXFileReference section */

/* Begin PBXFrameworksBuildPhase section */
		87261BD8292F711200F5B37E /* Frameworks */ = {
			isa = PBXFrameworksBuildPhase;
			buildActionMask = 2147483647;
			files = (
			);
			runOnlyForDeploymentPostprocessing = 0;
		};
/* End PBXFrameworksBuildPhase section */

/* Begin PBXGroup section */
		87261BD2292F711200F5B37E = {
			isa = PBXGroup;
			children = (
				87261BDD292F711200F5B37E /* SO_Project_Tasks */,
				87261BDC292F711200F5B37E /* Products */,
			);
			sourceTree = "<group>";
		};
		87261BDC292F711200F5B37E /* Products */ = {
			isa = PBXGroup;
			children = (
				87261BDB292F711200F5B37E /* SO_Project_Tasks */,
			);
			name = Products;
			sourceTree = "<group>";
		};
		87261BDD292F711200F5B37E /* SO_Project_Tasks */ = {
			isa = PBXGroup;
			children = (
				876C5B942937DEB9006AE6F6 /* process_management */,
				87BC4120293240250068CC3E /* general_utils */,
				87BC411C29323D780068CC3E /* c_file_utils */,
				87BC411B293233650068CC3E /* directory_utils */,
				87BC4118293232F20068CC3E /* main.c */,
			);
			path = SO_Project_Tasks;
			sourceTree = "<group>";
		};
		876C5B942937DEB9006AE6F6 /* process_management */ = {
			isa = PBXGroup;
			children = (
				876C5B952937DEDE006AE6F6 /* process_management.h */,
				876C5B962937DEDE006AE6F6 /* process_management.c */,
			);
			path = process_management;
			sourceTree = "<group>";
		};
		87BC411B293233650068CC3E /* directory_utils */ = {
			isa = PBXGroup;
			children = (
				87BC4115293232D30068CC3E /* directory_utils.c */,
				87BC4117293232DC0068CC3E /* directory_utils.h */,
			);
			path = directory_utils;
			sourceTree = "<group>";
		};
		87BC411C29323D780068CC3E /* c_file_utils */ = {
			isa = PBXGroup;
			children = (
				87BC411D29323D9F0068CC3E /* c_files_utils.h */,
				87BC411E29323D9F0068CC3E /* c_files_utils.c */,
			);
			path = c_file_utils;
			sourceTree = "<group>";
		};
		87BC4120293240250068CC3E /* general_utils */ = {
			isa = PBXGroup;
			children = (
				87BC4121293240430068CC3E /* general_utils.h */,
				87BC4122293240430068CC3E /* general_utils.c */,
			);
			path = general_utils;
			sourceTree = "<group>";
		};
/* End PBXGroup section */

/* Begin PBXNativeTarget section */
		87261BDA292F711200F5B37E /* SO_Project_Tasks */ = {
			isa = PBXNativeTarget;
			buildConfigurationList = 87261BE2292F711200F5B37E /* Build configuration list for PBXNativeTarget "SO_Project_Tasks" */;
			buildPhases = (
				87261BD7292F711200F5B37E /* Sources */,
				87261BD8292F711200F5B37E /* Frameworks */,
				87261BD9292F711200F5B37E /* CopyFiles */,
			);
			buildRules = (
			);
			dependencies = (
			);
			name = SO_Project_Tasks;
			productName = SO_Project_Tasks;
			productReference = 87261BDB292F711200F5B37E /* SO_Project_Tasks */;
			productType = "com.apple.product-type.tool";
		};
/* End PBXNativeTarget section */

/* Begin PBXProject section */
		87261BD3292F711200F5B37E /* Project object */ = {
			isa = PBXProject;
			attributes = {
				BuildIndependentTargetsInParallel = 1;
				LastUpgradeCheck = 1410;
				TargetAttributes = {
					87261BDA292F711200F5B37E = {
						CreatedOnToolsVersion = 14.1;
					};
				};
			};
			buildConfigurationList = 87261BD6292F711200F5B37E /* Build configuration list for PBXProject "SO_Project_Tasks" */;
			compatibilityVersion = "Xcode 14.0";
			developmentRegion = en;
			hasScannedForEncodings = 0;
			knownRegions = (
				en,
				Base,
			);
			mainGroup = 87261BD2292F711200F5B37E;
			productRefGroup = 87261BDC292F711200F5B37E /* Products */;
			projectDirPath = "";
			projectRoot = "";
			targets = (
				87261BDA292F711200F5B37E /* SO_Project_Tasks */,
			);
		};
/* End PBXProject section */

/* Begin PBXSourcesBuildPhase section */
		87261BD7292F711200F5B37E /* Sources */ = {
			isa = PBXSourcesBuildPhase;
			buildActionMask = 2147483647;
			files = (
				876C5B972937DEDE006AE6F6 /* process_management.c in Sources */,
				87BC4119293232F20068CC3E /* main.c in Sources */,
				87BC4116293232D30068CC3E /* directory_utils.c in Sources */,
				87BC4123293240430068CC3E /* general_utils.c in Sources */,
				87BC411F29323D9F0068CC3E /* c_files_utils.c in Sources */,
			);
			runOnlyForDeploymentPostprocessing = 0;
		};
/* End PBXSourcesBuildPhase section */

/* Begin XCBuildConfiguration section */
		87261BE0292F711200F5B37E /* Debug */ = {
			isa = XCBuildConfiguration;
			buildSettings = {
				ALWAYS_SEARCH_USER_PATHS = NO;
				CLANG_ANALYZER_NONNULL = YES;
				CLANG_ANALYZER_NUMBER_OBJECT_CONVERSION = YES_AGGRESSIVE;
				CLANG_CXX_LANGUAGE_STANDARD = "gnu++20";
				CLANG_ENABLE_MODULES = YES;
				CLANG_ENABLE_OBJC_ARC = YES;
				CLANG_ENABLE_OBJC_WEAK = YES;
				CLANG_WARN_BLOCK_CAPTURE_AUTORELEASING = YES;
				CLANG_WARN_BOOL_CONVERSION = YES;
				CLANG_WARN_COMMA = YES;
				CLANG_WARN_CONSTANT_CONVERSION = YES;
				CLANG_WARN_DEPRECATED_OBJC_IMPLEMENTATIONS = YES;
				CLANG_WARN_DIRECT_OBJC_ISA_USAGE = YES_ERROR;
				CLANG_WARN_DOCUMENTATION_COMMENTS = YES;
				CLANG_WARN_EMPTY_BODY = YES;
				CLANG_WARN_ENUM_CONVERSION = YES;
				CLANG_WARN_INFINITE_RECURSION = YES;
				CLANG_WARN_INT_CONVERSION = YES;
				CLANG_WARN_NON_LITERAL_NULL_CONVERSION = YES;
				CLANG_WARN_OBJC_IMPLICIT_RETAIN_SELF = YES;
				CLANG_WARN_OBJC_LITERAL_CONVERSION = YES;
				CLANG_WARN_OBJC_ROOT_CLASS = YES_ERROR;
				CLANG_WARN_QUOTED_INCLUDE_IN_FRAMEWORK_HEADER = YES;
				CLANG_WARN_RANGE_LOOP_ANALYSIS = YES;
				CLANG_WARN_STRICT_PROTOTYPES = YES;
				CLANG_WARN_SUSPICIOUS_MOVE = YES;
				CLANG_WARN_UNGUARDED_AVAILABILITY = YES_AGGRESSIVE;
				CLANG_WARN_UNREACHABLE_CODE = YES;
				CLANG_WARN__DUPLICATE_METHOD_MATCH = YES;
				COPY_PHASE_STRIP = NO;
				DEBUG_INFORMATION_FORMAT = dwarf;
				ENABLE_STRICT_OBJC_MSGSEND = YES;
				ENABLE_TESTABILITY = YES;
				GCC_C_LANGUAGE_STANDARD = gnu11;
				GCC_DYNAMIC_NO_PIC = NO;
				GCC_NO_COMMON_BLOCKS = YES;
				GCC_OPTIMIZATION_LEVEL = 0;
				GCC_PREPROCESSOR_DEFINITIONS = (
					"DEBUG=1",
					"$(inherited)",
				);
				GCC_WARN_64_TO_32_BIT_CONVERSION = YES;
				GCC_WARN_ABOUT_RETURN_TYPE = YES_ERROR;
				GCC_WARN_UNDECLARED_SELECTOR = YES;
				GCC_WARN_UNINITIALIZED_AUTOS = YES_AGGRESSIVE;
				GCC_WARN_UNUSED_FUNCTION = YES;
				GCC_WARN_UNUSED_VARIABLE = YES;
				MACOSX_DEPLOYMENT_TARGET = 13.0;
				MTL_ENABLE_DEBUG_INFO = INCLUDE_SOURCE;
				MTL_FAST_MATH = YES;
				ONLY_ACTIVE_ARCH = YES;
				SDKROOT = macosx;
			};
			name = Debug;
		};
		87261BE1292F711200F5B37E /* Release */ = {
			isa = XCBuildConfiguration;
			buildSettings = {
				ALWAYS_SEARCH_USER_PATHS = NO;
				CLANG_ANALYZER_NONNULL = YES;
				CLANG_ANALYZER_NUMBER_OBJECT_CONVERSION = YES_AGGRESSIVE;
				CLANG_CXX_LANGUAGE_STANDARD = "gnu++20";
				CLANG_ENABLE_MODULES = YES;
				CLANG_ENABLE_OBJC_ARC = YES;
				CLANG_ENABLE_OBJC_WEAK = YES;
				CLANG_WARN_BLOCK_CAPTURE_AUTORELEASING = YES;
				CLANG_WARN_BOOL_CONVERSION = YES;
				CLANG_WARN_COMMA = YES;
				CLANG_WARN_CONSTANT_CONVERSION = YES;
				CLANG_WARN_DEPRECATED_OBJC_IMPLEMENTATIONS = YES;
				CLANG_WARN_DIRECT_OBJC_ISA_USAGE = YES_ERROR;
				CLANG_WARN_DOCUMENTATION_COMMENTS = YES;
				CLANG_WARN_EMPTY_BODY = YES;
				CLANG_WARN_ENUM_CONVERSION = YES;
				CLANG_WARN_INFINITE_RECURSION = YES;
				CLANG_WARN_INT_CONVERSION = YES;
				CLANG_WARN_NON_LITERAL_NULL_CONVERSION = YES;
				CLANG_WARN_OBJC_IMPLICIT_RETAIN_SELF = YES;
				CLANG_WARN_OBJC_LITERAL_CONVERSION = YES;
				CLANG_WARN_OBJC_ROOT_CLASS = YES_ERROR;
				CLANG_WARN_QUOTED_INCLUDE_IN_FRAMEWORK_HEADER = YES;
				CLANG_WARN_RANGE_LOOP_ANALYSIS = YES;
				CLANG_WARN_STRICT_PROTOTYPES = YES;
				CLANG_WARN_SUSPICIOUS_MOVE = YES;
				CLANG_WARN_UNGUARDED_AVAILABILITY = YES_AGGRESSIVE;
				CLANG_WARN_UNREACHABLE_CODE = YES;
				CLANG_WARN__DUPLICATE_METHOD_MATCH = YES;
				COPY_PHASE_STRIP = NO;
				DEBUG_INFORMATION_FORMAT = "dwarf-with-dsym";
				ENABLE_NS_ASSERTIONS = NO;
				ENABLE_STRICT_OBJC_MSGSEND = YES;
				GCC_C_LANGUAGE_STANDARD = gnu11;
				GCC_NO_COMMON_BLOCKS = YES;
				GCC_WARN_64_TO_32_BIT_CONVERSION = YES;
				GCC_WARN_ABOUT_RETURN_TYPE = YES_ERROR;
				GCC_WARN_UNDECLARED_SELECTOR = YES;
				GCC_WARN_UNINITIALIZED_AUTOS = YES_AGGRESSIVE;
				GCC_WARN_UNUSED_FUNCTION = YES;
				GCC_WARN_UNUSED_VARIABLE = YES;
				MACOSX_DEPLOYMENT_TARGET = 13.0;
				MTL_ENABLE_DEBUG_INFO = NO;
				MTL_FAST_MATH = YES;
				SDKROOT = macosx;
			};
			name = Release;
		};
		87261BE3292F711200F5B37E /* Debug */ = {
			isa = XCBuildConfiguration;
			buildSettings = {
				CLANG_USE_OPTIMIZATION_PROFILE = YES;
				CODE_SIGN_STYLE = Automatic;
				PRODUCT_NAME = "$(TARGET_NAME)";
			};
			name = Debug;
		};
		87261BE4292F711200F5B37E /* Release */ = {
			isa = XCBuildConfiguration;
			buildSettings = {
				CLANG_USE_OPTIMIZATION_PROFILE = YES;
				CODE_SIGN_STYLE = Automatic;
				PRODUCT_NAME = "$(TARGET_NAME)";
			};
			name = Release;
		};
/* End XCBuildConfiguration section */

/* Begin XCConfigurationList section */
		87261BD6292F711200F5B37E /* Build configuration list for PBXProject "SO_Project_Tasks" */ = {
			isa = XCConfigurationList;
			buildConfigurations = (
				87261BE0292F711200F5B37E /* Debug */,
				87261BE1292F711200F5B37E /* Release */,
			);
			defaultConfigurationIsVisible = 0;
			defaultConfigurationName = Release;
		};
		87261BE2292F711200F5B37E /* Build configuration list for PBXNativeTarget "SO_Project_Tasks" */ = {
			isa = XCConfigurationList;
			buildConfigurations = (
				87261BE3292F711200F5B37E /* Debug */,
				87261BE4292F711200F5B37E /* Release */,
			);
			defaultConfigurationIsVisible = 0;
			defaultConfigurationName = Release;
		};
/* End XCConfigurationList section */
	};
	rootObject = 87261BD3292F711200F5B37E /* Project object */;
}
